
Microsoft Visual Studio Solution File, Format Version 12.00
# Visual Studio Version 17
VisualStudioVersion = 17.4.33213.308
MinimumVisualStudioVersion = 10.0.40219.1
Project("{FAE04EC0-301F-11D3-BF4B-00C04F79EFBC}") = "MagicVilla_API", "MagicVilla_API\MagicVilla_API.csproj", "{FDAD9CD6-AADE-496B-996A-BC61B1F42667}"
EndProject
Global
	GlobalSection(SolutionConfigurationPlatforms) = preSolution
		Debug|Any CPU = Debug|Any CPU
		Release|Any CPU = Release|Any CPU
	EndGlobalSection
	GlobalSection(ProjectConfigurationPlatforms) = postSolution
		{FDAD9CD6-AADE-496B-996A-BC61B1F42667}.Debug|Any CPU.ActiveCfg = Debug|Any CPU
		{FDAD9CD6-AADE-496B-996A-BC61B1F42667}.Debug|Any CPU.Build.0 = Debug|Any CPU
		{FDAD9CD6-AADE-496B-996A-BC61B1F42667}.Release|Any CPU.ActiveCfg = Release|Any CPU
		{FDAD9CD6-AADE-496B-996A-BC61B1F42667}.Release|Any CPU.Build.0 = Release|Any CPU
	EndGlobalSection
	GlobalSection(SolutionProperties) = preSolution
		HideSolutionNode = FALSE
	EndGlobalSection
	GlobalSection(ExtensibilityGlobals) = postSolution
		SolutionGuid = {9B30E9A5-C170-4EB1-9CED-3780E303A3F6}
	EndGlobalSection
EndGlobal
